
Microsoft Visual Studio Solution File, Format Version 12.00
# Visual Studio Version 17
VisualStudioVersion = 17.5.33516.290
MinimumVisualStudioVersion = 10.0.40219.1
Project("{FAE04EC0-301F-11D3-BF4B-00C04F79EFBC}") = "LinkedList.Logic", "LinkedList.Logic\LinkedList.Logic.csproj", "{A09C1FE4-2E38-430B-BEE3-E4CF7FADF1FB}"
EndProject
Project("{FAE04EC0-301F-11D3-BF4B-00C04F79EFBC}") = "LinkedList.UI", "LinkedList.UI\LinkedList.UI.csproj", "{075AB4AD-E6F9-4297-8C8F-91C1A29C18B6}"
EndProject
Global
	GlobalSection(SolutionConfigurationPlatforms) = preSolution
		Debug|Any CPU = Debug|Any CPU
		Release|Any CPU = Release|Any CPU
	EndGlobalSection
	GlobalSection(ProjectConfigurationPlatforms) = postSolution
		{A09C1FE4-2E38-430B-BEE3-E4CF7FADF1FB}.Debug|Any CPU.ActiveCfg = Debug|Any CPU
		{A09C1FE4-2E38-430B-BEE3-E4CF7FADF1FB}.Debug|Any CPU.Build.0 = Debug|Any CPU
		{A09C1FE4-2E38-430B-BEE3-E4CF7FADF1FB}.Release|Any CPU.ActiveCfg = Release|Any CPU
		{A09C1FE4-2E38-430B-BEE3-E4CF7FADF1FB}.Release|Any CPU.Build.0 = Release|Any CPU
		{075AB4AD-E6F9-4297-8C8F-91C1A29C18B6}.Debug|Any CPU.ActiveCfg = Debug|Any CPU
		{075AB4AD-E6F9-4297-8C8F-91C1A29C18B6}.Debug|Any CPU.Build.0 = Debug|Any CPU
		{075AB4AD-E6F9-4297-8C8F-91C1A29C18B6}.Release|Any CPU.ActiveCfg = Release|Any CPU
		{075AB4AD-E6F9-4297-8C8F-91C1A29C18B6}.Release|Any CPU.Build.0 = Release|Any CPU
	EndGlobalSection
	GlobalSection(SolutionProperties) = preSolution
		HideSolutionNode = FALSE
	EndGlobalSection
	GlobalSection(ExtensibilityGlobals) = postSolution
		SolutionGuid = {A81CEDFD-1427-4F0B-BE25-9949C997AA32}
	EndGlobalSection
EndGlobal
